# THIS IS AN AUTOGENERATED FILE. DO NOT EDIT THIS FILE DIRECTLY.
# yarn lockfile v1


"@babel/helper-plugin-utils@^7.8.0":
  version "7.17.12"
  resolved "https://registry.yarnpkg.com/@babel/helper-plugin-utils/-/helper-plugin-utils-7.17.12.tgz#86c2347da5acbf5583ba0a10aed4c9bf9da9cf96"
  integrity sha512-JDkf04mqtN3y4iAbO1hv9U2ARpPyPL1zqyWs/2WG1pgSq9llHFjStX5jdxb84himgJm+8Ng+x0oiWF/nw/XQKA==

"@babel/plugin-syntax-object-rest-spread@^7.8.3":
  version "7.8.3"
  resolved "https://registry.yarnpkg.com/@babel/plugin-syntax-object-rest-spread/-/plugin-syntax-object-rest-spread-7.8.3.tgz#60e225edcbd98a640332a2e72dd3e66f1af55871"
  integrity sha512-XoqMijGZb9y3y2XskN+P1wUGiVwWZ5JmoDRwx5+3GmEplNyVM2s2Dg8ILFQm8rWM48orGy5YpI5Bl8U1y7ydlA==
  dependencies:
    "@babel/helper-plugin-utils" "^7.8.0"

"@testing-library/jest-dom@link:../node_modules/@testing-library/jest-dom":
  version "0.0.0"
  uid ""

"@testing-library/react@link:../node_modules/@testing-library/react":
  version "0.0.0"
  uid ""

"@testing-library/user-event@link:../node_modules/@testing-library/user-event":
  version "0.0.0"
  uid ""

"@types/jest@link:../node_modules/@types/jest":
  version "0.0.0"
  uid ""

"@types/node@link:../node_modules/@types/node":
  version "0.0.0"
  uid ""

"@types/prop-types@*":
  version "15.7.5"
  resolved "https://registry.yarnpkg.com/@types/prop-types/-/prop-types-15.7.5.tgz#5f19d2b85a98e9558036f6a3cacc8819420f05cf"
  integrity sha512-JCB8C6SnDoQf0cNycqd/35A7MjcnK+ZTqE7judS6o7utxUCg6imJg3QK2qzHKszlTjcj2cn+NwMB2i96ubpj7w==

"@types/react-dom@0.14.23":
  version "0.14.23"
  resolved "https://registry.yarnpkg.com/@types/react-dom/-/react-dom-0.14.23.tgz#cecfcfad754b4c2765fe5d29b81b301889ad6c2e"
  integrity sha512-EMCa3IEBSOE5weypSBxATxKZTAGil/hU48k/fW0jeW+Fj5ZeNGPNtbshVUygKTmvcq6IARZOi9lHJpLgjpkk9A==
  dependencies:
    "@types/react" "*"

"@types/react@*":
  version "18.0.10"
  resolved "https://registry.yarnpkg.com/@types/react/-/react-18.0.10.tgz#5692944d4a45e204fb7a981eb1388afe919cf4d0"
  integrity sha512-dIugadZuIPrRzvIEevIu7A1smqOAjkSMv8qOfwPt9Ve6i6JT/FQcCHyk2qIAxwsQNKZt5/oGR0T4z9h2dXRAkg==
  dependencies:
    "@types/prop-types" "*"
    "@types/scheduler" "*"
    csstype "^3.0.2"

"@types/react@link:../node_modules/@types/react":
  version "0.0.0"
  uid ""

"@types/scheduler@*":
  version "0.16.2"
  resolved "https://registry.yarnpkg.com/@types/scheduler/-/scheduler-0.16.2.tgz#1a62f89525723dde24ba1b01b092bf5df8ad4d39"
  integrity sha512-hppQEBDmlwhFAXKJX2KnWLYu5yMfi91yazPb2l+lbJiwW+wdo1gNeRA+3RgNSO39WYX2euey41KEwnqesU2Jew==

csstype@^3.0.2:
  version "3.1.0"
  resolved "https://registry.yarnpkg.com/csstype/-/csstype-3.1.0.tgz#4ddcac3718d787cf9df0d1b7d15033925c8f29f2"
  integrity sha512-uX1KG+x9h5hIJsaKR9xHUeUraxf8IODOwq9JLNPq6BwB04a/xgpq3rcx47l5BZu5zBPlgD342tdke3Hom/nJRA==

"dark-mode-context@link:..":
  version "0.0.0"
  uid ""

"react-dom@link:../node_modules/react-dom":
  version "0.0.0"
  uid ""

"react-scripts@link:../node_modules/react-scripts":
  version "0.0.0"
  uid ""

"react@link:../node_modules/react":
  version "0.0.0"
  uid ""

"typescript@link:../node_modules/typescript":
  version "0.0.0"
  uid ""
